<Solution>
  <Project Path="Application/Application.csproj" Id="853da65f-ced5-4eae-a05d-40dd92c64c66" />
  <Project Path="Domain/Domain.csproj" Id="54a6605f-e964-46d7-aa77-7dd66f7230e1" />
  <Project Path="Infrastructure/Infrastructure.csproj" Id="91b7a50c-94a2-4903-b44f-6abe376ca0c1" />
  <Project Path="SalesAPI/API.csproj" />
</Solution>
